{
  "name": "fetch-data-action",
  "version": "1.0.0",
  "lockfileVersion": 3,
  "requires": true,
  "packages": {
    "": {
      "name": "fetch-data-action",
      "version": "1.0.0",
      "dependencies": {
        "node-fetch": "^2.6.7",
        "sentiment": "^5.0.2"
      }
    },
    "node_modules/node-fetch": {
      "version": "2.6.7",
      "resolved": "https://registry.npmjs.org/node-fetch/-/node-fetch-2.6.7.tgz",
      "integrity": "sha512-ZjMPFEfVx/2Q5u4QS0LxK1A2k4tvH3RxUMIqFZRMVAb9YSEuxsjjhY4OYb6yRg2kZZgwyU0YzOIpHb0QKJVEUQ==",
      "engines": {
        "node": "4.x || >=6.0.0"
      }
    },
    "node_modules/sentiment": {
      "version": "5.0.2",
      "resolved": "https://registry.npmjs.org/sentiment/-/sentiment-5.0.2.tgz",
      "integrity": "sha512-y9E8PXuNXCUxZ4dxCJZn88yHyZGL9Bl6RRpxPk7W8PGGl/9yWOQ7IDYlALgB22AKRi2F3R5odXf9R6m6qZz8qg=="
    }
  },
  "dependencies": {
    "node-fetch": {
      "version": "2.6.7",
      "resolved": "https://registry.npmjs.org/node-fetch/-/node-fetch-2.6.7.tgz",
      "integrity": "sha512-ZjMPFEfVx/2Q5u4QS0LxK1A2k4tvH3RxUMIqFZRMVAb9YSEuxsjjhY4OYb6yRg2kZZgwyU0YzOIpHb0QKJVEUQ=="
    },
    "sentiment": {
      "version": "5.0.2",
      "resolved": "https://registry.npmjs.org/sentiment/-/sentiment-5.0.2.tgz",
      "integrity": "sha512-y9E8PXuNXCUxZ4dxCJZn88yHyZGL9Bl6RRpxPk7W8PGGl/9yWOQ7IDYlALgB22AKRi2F3R5odXf9R6m6qZz8qg=="
    }
  }
}
